
Microsoft Visual Studio Solution File, Format Version 12.00
# Visual Studio 15
VisualStudioVersion = 15.0.28307.1082
MinimumVisualStudioVersion = 10.0.40219.1
Project("{2150E333-8FDC-42A3-9474-1A3956D46DE8}") = "Lesson1", "Lesson1", "{2B538213-A6DB-4B6E-9633-46EB1AAB80DF}"
EndProject
Project("{2150E333-8FDC-42A3-9474-1A3956D46DE8}") = "Lesson2", "Lesson2", "{126C9779-6656-4F0F-BB37-F05FC06498B0}"
EndProject
Project("{2150E333-8FDC-42A3-9474-1A3956D46DE8}") = "Lesson3", "Lesson3", "{0C722BBA-225B-4FA3-93B6-FAC373B7B8FC}"
EndProject
Project("{8BC9CEB8-8B4A-11D0-8D11-00A0C91BC942}") = "Lesson1", "Lesson1\Lesson1.vcxproj", "{F0586A87-60BB-4F26-90F7-49939053471F}"
EndProject
Project("{8BC9CEB8-8B4A-11D0-8D11-00A0C91BC942}") = "Lesson2", "Lesson2\Lesson2.vcxproj", "{F5DA12DF-780E-465C-BFBA-D31F080B3994}"
EndProject
Project("{8BC9CEB8-8B4A-11D0-8D11-00A0C91BC942}") = "Task1", "Lesson3\Task1\Task1.vcxproj", "{A3E61D83-AC9F-4315-BCAA-D022840AF56F}"
EndProject
Project("{8BC9CEB8-8B4A-11D0-8D11-00A0C91BC942}") = "Task2", "Lesson3\Task2\Task2.vcxproj", "{0572DE02-F711-48DE-A414-BA8544182DCB}"
EndProject
Project("{8BC9CEB8-8B4A-11D0-8D11-00A0C91BC942}") = "Task3", "Lesson3\Task3\Task3.vcxproj", "{E1055F3D-C77B-4639-B058-B3B1AFF651E0}"
EndProject
Project("{8BC9CEB8-8B4A-11D0-8D11-00A0C91BC942}") = "Task4", "Lesson3\Task4\Task4.vcxproj", "{980FF1F5-5342-4E70-A919-0EECEC614E25}"
EndProject
Project("{8BC9CEB8-8B4A-11D0-8D11-00A0C91BC942}") = "Task5", "Lesson3\Task5\Task5.vcxproj", "{4FD61348-1F9F-4662-93A6-D0943514D568}"
EndProject
Project("{2150E333-8FDC-42A3-9474-1A3956D46DE8}") = "ControlTasks", "ControlTasks", "{94F22233-9A71-4C1F-B393-E18282449981}"
EndProject
Project("{8BC9CEB8-8B4A-11D0-8D11-00A0C91BC942}") = "ControlTask1", "Lesson3\ControlTasks\ControlTask1\ControlTask1.vcxproj", "{BA770C7B-5D39-418C-BA22-C61DA18855C9}"
EndProject
Project("{8BC9CEB8-8B4A-11D0-8D11-00A0C91BC942}") = "ControlTask2", "Lesson3\ControlTasks\ControlTask2\ControlTask2.vcxproj", "{6A179AE9-DF4A-4DD9-A406-C264A469171C}"
EndProject
Project("{8BC9CEB8-8B4A-11D0-8D11-00A0C91BC942}") = "ControlTask3", "Lesson3\ControlTasks\ControlTask3\ControlTask3.vcxproj", "{35882CDE-3FD2-4FE3-8A5D-C8692EF2CBE4}"
EndProject
Project("{8BC9CEB8-8B4A-11D0-8D11-00A0C91BC942}") = "ControlTask4", "Lesson3\ControlTasks\ControlTask4\ControlTask4.vcxproj", "{F07D2A8D-85DD-4E44-9AA1-021DCC7A6EBD}"
EndProject
Project("{8BC9CEB8-8B4A-11D0-8D11-00A0C91BC942}") = "ControlTask5", "Lesson3\ControlTasks\ControlTask5\ControlTask5.vcxproj", "{28AD25D5-DE62-4458-93F4-6D536C0CFB7A}"
EndProject
Global
	GlobalSection(SolutionConfigurationPlatforms) = preSolution
		Debug|x64 = Debug|x64
		Debug|x86 = Debug|x86
		Release|x64 = Release|x64
		Release|x86 = Release|x86
	EndGlobalSection
	GlobalSection(ProjectConfigurationPlatforms) = postSolution
		{F0586A87-60BB-4F26-90F7-49939053471F}.Debug|x64.ActiveCfg = Debug|x64
		{F0586A87-60BB-4F26-90F7-49939053471F}.Debug|x64.Build.0 = Debug|x64
		{F0586A87-60BB-4F26-90F7-49939053471F}.Debug|x86.ActiveCfg = Debug|Win32
		{F0586A87-60BB-4F26-90F7-49939053471F}.Debug|x86.Build.0 = Debug|Win32
		{F0586A87-60BB-4F26-90F7-49939053471F}.Release|x64.ActiveCfg = Release|x64
		{F0586A87-60BB-4F26-90F7-49939053471F}.Release|x64.Build.0 = Release|x64
		{F0586A87-60BB-4F26-90F7-49939053471F}.Release|x86.ActiveCfg = Release|Win32
		{F0586A87-60BB-4F26-90F7-49939053471F}.Release|x86.Build.0 = Release|Win32
		{F5DA12DF-780E-465C-BFBA-D31F080B3994}.Debug|x64.ActiveCfg = Debug|x64
		{F5DA12DF-780E-465C-BFBA-D31F080B3994}.Debug|x64.Build.0 = Debug|x64
		{F5DA12DF-780E-465C-BFBA-D31F080B3994}.Debug|x86.ActiveCfg = Debug|Win32
		{F5DA12DF-780E-465C-BFBA-D31F080B3994}.Debug|x86.Build.0 = Debug|Win32
		{F5DA12DF-780E-465C-BFBA-D31F080B3994}.Release|x64.ActiveCfg = Release|x64
		{F5DA12DF-780E-465C-BFBA-D31F080B3994}.Release|x64.Build.0 = Release|x64
		{F5DA12DF-780E-465C-BFBA-D31F080B3994}.Release|x86.ActiveCfg = Release|Win32
		{F5DA12DF-780E-465C-BFBA-D31F080B3994}.Release|x86.Build.0 = Release|Win32
		{A3E61D83-AC9F-4315-BCAA-D022840AF56F}.Debug|x64.ActiveCfg = Debug|x64
		{A3E61D83-AC9F-4315-BCAA-D022840AF56F}.Debug|x64.Build.0 = Debug|x64
		{A3E61D83-AC9F-4315-BCAA-D022840AF56F}.Debug|x86.ActiveCfg = Debug|Win32
		{A3E61D83-AC9F-4315-BCAA-D022840AF56F}.Debug|x86.Build.0 = Debug|Win32
		{A3E61D83-AC9F-4315-BCAA-D022840AF56F}.Release|x64.ActiveCfg = Release|x64
		{A3E61D83-AC9F-4315-BCAA-D022840AF56F}.Release|x64.Build.0 = Release|x64
		{A3E61D83-AC9F-4315-BCAA-D022840AF56F}.Release|x86.ActiveCfg = Release|Win32
		{A3E61D83-AC9F-4315-BCAA-D022840AF56F}.Release|x86.Build.0 = Release|Win32
		{0572DE02-F711-48DE-A414-BA8544182DCB}.Debug|x64.ActiveCfg = Debug|x64
		{0572DE02-F711-48DE-A414-BA8544182DCB}.Debug|x64.Build.0 = Debug|x64
		{0572DE02-F711-48DE-A414-BA8544182DCB}.Debug|x86.ActiveCfg = Debug|Win32
		{0572DE02-F711-48DE-A414-BA8544182DCB}.Debug|x86.Build.0 = Debug|Win32
		{0572DE02-F711-48DE-A414-BA8544182DCB}.Release|x64.ActiveCfg = Release|x64
		{0572DE02-F711-48DE-A414-BA8544182DCB}.Release|x64.Build.0 = Release|x64
		{0572DE02-F711-48DE-A414-BA8544182DCB}.Release|x86.ActiveCfg = Release|Win32
		{0572DE02-F711-48DE-A414-BA8544182DCB}.Release|x86.Build.0 = Release|Win32
		{E1055F3D-C77B-4639-B058-B3B1AFF651E0}.Debug|x64.ActiveCfg = Debug|x64
		{E1055F3D-C77B-4639-B058-B3B1AFF651E0}.Debug|x64.Build.0 = Debug|x64
		{E1055F3D-C77B-4639-B058-B3B1AFF651E0}.Debug|x86.ActiveCfg = Debug|Win32
		{E1055F3D-C77B-4639-B058-B3B1AFF651E0}.Debug|x86.Build.0 = Debug|Win32
		{E1055F3D-C77B-4639-B058-B3B1AFF651E0}.Release|x64.ActiveCfg = Release|x64
		{E1055F3D-C77B-4639-B058-B3B1AFF651E0}.Release|x64.Build.0 = Release|x64
		{E1055F3D-C77B-4639-B058-B3B1AFF651E0}.Release|x86.ActiveCfg = Release|Win32
		{E1055F3D-C77B-4639-B058-B3B1AFF651E0}.Release|x86.Build.0 = Release|Win32
		{980FF1F5-5342-4E70-A919-0EECEC614E25}.Debug|x64.ActiveCfg = Debug|x64
		{980FF1F5-5342-4E70-A919-0EECEC614E25}.Debug|x64.Build.0 = Debug|x64
		{980FF1F5-5342-4E70-A919-0EECEC614E25}.Debug|x86.ActiveCfg = Debug|Win32
		{980FF1F5-5342-4E70-A919-0EECEC614E25}.Debug|x86.Build.0 = Debug|Win32
		{980FF1F5-5342-4E70-A919-0EECEC614E25}.Release|x64.ActiveCfg = Release|x64
		{980FF1F5-5342-4E70-A919-0EECEC614E25}.Release|x64.Build.0 = Release|x64
		{980FF1F5-5342-4E70-A919-0EECEC614E25}.Release|x86.ActiveCfg = Release|Win32
		{980FF1F5-5342-4E70-A919-0EECEC614E25}.Release|x86.Build.0 = Release|Win32
		{4FD61348-1F9F-4662-93A6-D0943514D568}.Debug|x64.ActiveCfg = Debug|x64
		{4FD61348-1F9F-4662-93A6-D0943514D568}.Debug|x64.Build.0 = Debug|x64
		{4FD61348-1F9F-4662-93A6-D0943514D568}.Debug|x86.ActiveCfg = Debug|Win32
		{4FD61348-1F9F-4662-93A6-D0943514D568}.Debug|x86.Build.0 = Debug|Win32
		{4FD61348-1F9F-4662-93A6-D0943514D568}.Release|x64.ActiveCfg = Release|x64
		{4FD61348-1F9F-4662-93A6-D0943514D568}.Release|x64.Build.0 = Release|x64
		{4FD61348-1F9F-4662-93A6-D0943514D568}.Release|x86.ActiveCfg = Release|Win32
		{4FD61348-1F9F-4662-93A6-D0943514D568}.Release|x86.Build.0 = Release|Win32
		{BA770C7B-5D39-418C-BA22-C61DA18855C9}.Debug|x64.ActiveCfg = Debug|x64
		{BA770C7B-5D39-418C-BA22-C61DA18855C9}.Debug|x64.Build.0 = Debug|x64
		{BA770C7B-5D39-418C-BA22-C61DA18855C9}.Debug|x86.ActiveCfg = Debug|Win32
		{BA770C7B-5D39-418C-BA22-C61DA18855C9}.Debug|x86.Build.0 = Debug|Win32
		{BA770C7B-5D39-418C-BA22-C61DA18855C9}.Release|x64.ActiveCfg = Release|x64
		{BA770C7B-5D39-418C-BA22-C61DA18855C9}.Release|x64.Build.0 = Release|x64
		{BA770C7B-5D39-418C-BA22-C61DA18855C9}.Release|x86.ActiveCfg = Release|Win32
		{BA770C7B-5D39-418C-BA22-C61DA18855C9}.Release|x86.Build.0 = Release|Win32
		{6A179AE9-DF4A-4DD9-A406-C264A469171C}.Debug|x64.ActiveCfg = Debug|x64
		{6A179AE9-DF4A-4DD9-A406-C264A469171C}.Debug|x64.Build.0 = Debug|x64
		{6A179AE9-DF4A-4DD9-A406-C264A469171C}.Debug|x86.ActiveCfg = Debug|Win32
		{6A179AE9-DF4A-4DD9-A406-C264A469171C}.Debug|x86.Build.0 = Debug|Win32
		{6A179AE9-DF4A-4DD9-A406-C264A469171C}.Release|x64.ActiveCfg = Release|x64
		{6A179AE9-DF4A-4DD9-A406-C264A469171C}.Release|x64.Build.0 = Release|x64
		{6A179AE9-DF4A-4DD9-A406-C264A469171C}.Release|x86.ActiveCfg = Release|Win32
		{6A179AE9-DF4A-4DD9-A406-C264A469171C}.Release|x86.Build.0 = Release|Win32
		{35882CDE-3FD2-4FE3-8A5D-C8692EF2CBE4}.Debug|x64.ActiveCfg = Debug|x64
		{35882CDE-3FD2-4FE3-8A5D-C8692EF2CBE4}.Debug|x64.Build.0 = Debug|x64
		{35882CDE-3FD2-4FE3-8A5D-C8692EF2CBE4}.Debug|x86.ActiveCfg = Debug|Win32
		{35882CDE-3FD2-4FE3-8A5D-C8692EF2CBE4}.Debug|x86.Build.0 = Debug|Win32
		{35882CDE-3FD2-4FE3-8A5D-C8692EF2CBE4}.Release|x64.ActiveCfg = Release|x64
		{35882CDE-3FD2-4FE3-8A5D-C8692EF2CBE4}.Release|x64.Build.0 = Release|x64
		{35882CDE-3FD2-4FE3-8A5D-C8692EF2CBE4}.Release|x86.ActiveCfg = Release|Win32
		{35882CDE-3FD2-4FE3-8A5D-C8692EF2CBE4}.Release|x86.Build.0 = Release|Win32
		{F07D2A8D-85DD-4E44-9AA1-021DCC7A6EBD}.Debug|x64.ActiveCfg = Debug|x64
		{F07D2A8D-85DD-4E44-9AA1-021DCC7A6EBD}.Debug|x64.Build.0 = Debug|x64
		{F07D2A8D-85DD-4E44-9AA1-021DCC7A6EBD}.Debug|x86.ActiveCfg = Debug|Win32
		{F07D2A8D-85DD-4E44-9AA1-021DCC7A6EBD}.Debug|x86.Build.0 = Debug|Win32
		{F07D2A8D-85DD-4E44-9AA1-021DCC7A6EBD}.Release|x64.ActiveCfg = Release|x64
		{F07D2A8D-85DD-4E44-9AA1-021DCC7A6EBD}.Release|x64.Build.0 = Release|x64
		{F07D2A8D-85DD-4E44-9AA1-021DCC7A6EBD}.Release|x86.ActiveCfg = Release|Win32
		{F07D2A8D-85DD-4E44-9AA1-021DCC7A6EBD}.Release|x86.Build.0 = Release|Win32
		{28AD25D5-DE62-4458-93F4-6D536C0CFB7A}.Debug|x64.ActiveCfg = Debug|x64
		{28AD25D5-DE62-4458-93F4-6D536C0CFB7A}.Debug|x64.Build.0 = Debug|x64
		{28AD25D5-DE62-4458-93F4-6D536C0CFB7A}.Debug|x86.ActiveCfg = Debug|Win32
		{28AD25D5-DE62-4458-93F4-6D536C0CFB7A}.Debug|x86.Build.0 = Debug|Win32
		{28AD25D5-DE62-4458-93F4-6D536C0CFB7A}.Release|x64.ActiveCfg = Release|x64
		{28AD25D5-DE62-4458-93F4-6D536C0CFB7A}.Release|x64.Build.0 = Release|x64
		{28AD25D5-DE62-4458-93F4-6D536C0CFB7A}.Release|x86.ActiveCfg = Release|Win32
		{28AD25D5-DE62-4458-93F4-6D536C0CFB7A}.Release|x86.Build.0 = Release|Win32
	EndGlobalSection
	GlobalSection(SolutionProperties) = preSolution
		HideSolutionNode = FALSE
	EndGlobalSection
	GlobalSection(NestedProjects) = preSolution
		{F0586A87-60BB-4F26-90F7-49939053471F} = {2B538213-A6DB-4B6E-9633-46EB1AAB80DF}
		{F5DA12DF-780E-465C-BFBA-D31F080B3994} = {126C9779-6656-4F0F-BB37-F05FC06498B0}
		{A3E61D83-AC9F-4315-BCAA-D022840AF56F} = {0C722BBA-225B-4FA3-93B6-FAC373B7B8FC}
		{0572DE02-F711-48DE-A414-BA8544182DCB} = {0C722BBA-225B-4FA3-93B6-FAC373B7B8FC}
		{E1055F3D-C77B-4639-B058-B3B1AFF651E0} = {0C722BBA-225B-4FA3-93B6-FAC373B7B8FC}
		{980FF1F5-5342-4E70-A919-0EECEC614E25} = {0C722BBA-225B-4FA3-93B6-FAC373B7B8FC}
		{4FD61348-1F9F-4662-93A6-D0943514D568} = {0C722BBA-225B-4FA3-93B6-FAC373B7B8FC}
		{94F22233-9A71-4C1F-B393-E18282449981} = {0C722BBA-225B-4FA3-93B6-FAC373B7B8FC}
		{BA770C7B-5D39-418C-BA22-C61DA18855C9} = {94F22233-9A71-4C1F-B393-E18282449981}
		{6A179AE9-DF4A-4DD9-A406-C264A469171C} = {94F22233-9A71-4C1F-B393-E18282449981}
		{35882CDE-3FD2-4FE3-8A5D-C8692EF2CBE4} = {94F22233-9A71-4C1F-B393-E18282449981}
		{F07D2A8D-85DD-4E44-9AA1-021DCC7A6EBD} = {94F22233-9A71-4C1F-B393-E18282449981}
		{28AD25D5-DE62-4458-93F4-6D536C0CFB7A} = {94F22233-9A71-4C1F-B393-E18282449981}
	EndGlobalSection
	GlobalSection(ExtensibilityGlobals) = postSolution
		SolutionGuid = {B8B97D18-A818-43ED-88D9-5151CDC01556}
	EndGlobalSection
EndGlobal
