
Microsoft Visual Studio Solution File, Format Version 12.00
# Visual Studio 15
VisualStudioVersion = 15.0.28307.1082
MinimumVisualStudioVersion = 10.0.40219.1
Project("{2150E333-8FDC-42A3-9474-1A3956D46DE8}") = "Lesson1", "Lesson1", "{2B538213-A6DB-4B6E-9633-46EB1AAB80DF}"
EndProject
Project("{2150E333-8FDC-42A3-9474-1A3956D46DE8}") = "Lesson2", "Lesson2", "{126C9779-6656-4F0F-BB37-F05FC06498B0}"
EndProject
Project("{2150E333-8FDC-42A3-9474-1A3956D46DE8}") = "Lesson3", "Lesson3", "{0C722BBA-225B-4FA3-93B6-FAC373B7B8FC}"
EndProject
Project("{8BC9CEB8-8B4A-11D0-8D11-00A0C91BC942}") = "Lesson1", "Lesson1\Lesson1.vcxproj", "{F0586A87-60BB-4F26-90F7-49939053471F}"
EndProject
Project("{8BC9CEB8-8B4A-11D0-8D11-00A0C91BC942}") = "Lesson2", "Lesson2\Lesson2.vcxproj", "{F5DA12DF-780E-465C-BFBA-D31F080B3994}"
EndProject
Project("{8BC9CEB8-8B4A-11D0-8D11-00A0C91BC942}") = "Task1", "Lesson3\Task1\Task1.vcxproj", "{A3E61D83-AC9F-4315-BCAA-D022840AF56F}"
EndProject
Project("{8BC9CEB8-8B4A-11D0-8D11-00A0C91BC942}") = "Task2", "Lesson3\Task2\Task2.vcxproj", "{0572DE02-F711-48DE-A414-BA8544182DCB}"
EndProject
Project("{8BC9CEB8-8B4A-11D0-8D11-00A0C91BC942}") = "Task3", "Lesson3\Task3\Task3.vcxproj", "{E1055F3D-C77B-4639-B058-B3B1AFF651E0}"
EndProject
Project("{8BC9CEB8-8B4A-11D0-8D11-00A0C91BC942}") = "Task4", "Lesson3\Task4\Task4.vcxproj", "{980FF1F5-5342-4E70-A919-0EECEC614E25}"
EndProject
Project("{8BC9CEB8-8B4A-11D0-8D11-00A0C91BC942}") = "Task5", "Lesson3\Task5\Task5.vcxproj", "{4FD61348-1F9F-4662-93A6-D0943514D568}"
EndProject
Project("{2150E333-8FDC-42A3-9474-1A3956D46DE8}") = "ControlTasks", "ControlTasks", "{94F22233-9A71-4C1F-B393-E18282449981}"
EndProject
Project("{8BC9CEB8-8B4A-11D0-8D11-00A0C91BC942}") = "ControlTask1", "Lesson3\ControlTasks\ControlTask1\ControlTask1.vcxproj", "{BA770C7B-5D39-418C-BA22-C61DA18855C9}"
EndProject
Project("{8BC9CEB8-8B4A-11D0-8D11-00A0C91BC942}") = "ControlTask2", "Lesson3\ControlTasks\ControlTask2\ControlTask2.vcxproj", "{6A179AE9-DF4A-4DD9-A406-C264A469171C}"
EndProject
Project("{8BC9CEB8-8B4A-11D0-8D11-00A0C91BC942}") = "ControlTask3", "Lesson3\ControlTasks\ControlTask3\ControlTask3.vcxproj", "{35882CDE-3FD2-4FE3-8A5D-C8692EF2CBE4}"
EndProject
Project("{8BC9CEB8-8B4A-11D0-8D11-00A0C91BC942}") = "ControlTask4", "Lesson3\ControlTasks\ControlTask4\ControlTask4.vcxproj", "{F07D2A8D-85DD-4E44-9AA1-021DCC7A6EBD}"
EndProject
Project("{8BC9CEB8-8B4A-11D0-8D11-00A0C91BC942}") = "ControlTask5", "Lesson3\ControlTasks\ControlTask5\ControlTask5.vcxproj", "{28AD25D5-DE62-4458-93F4-6D536C0CFB7A}"
EndProject
Project("{2150E333-8FDC-42A3-9474-1A3956D46DE8}") = "Lesson4", "Lesson4", "{35E6260D-6ADC-4D77-8441-C8BE7A92B2D9}"
EndProject
Project("{8BC9CEB8-8B4A-11D0-8D11-00A0C91BC942}") = "Task1", "Lesson4\Task1\Task1.vcxproj", "{4E8BE718-E578-447C-B8DC-2979F3FE7905}"
EndProject
Project("{8BC9CEB8-8B4A-11D0-8D11-00A0C91BC942}") = "Task2", "Lesson4\Task2\Task2.vcxproj", "{1E3FDAA0-DF53-4313-8C18-71632C30E871}"
EndProject
Project("{2150E333-8FDC-42A3-9474-1A3956D46DE8}") = "ControlTasks", "ControlTasks", "{D382EB6F-051B-494E-8291-793C1792D1B4}"
EndProject
Project("{8BC9CEB8-8B4A-11D0-8D11-00A0C91BC942}") = "ControlTask2", "Lesson4\ControlTasks\ControlTask2\ControlTask2.vcxproj", "{16324BB3-C052-433F-9F17-7734E6E1BB3D}"
EndProject
Project("{2150E333-8FDC-42A3-9474-1A3956D46DE8}") = "Lesson5", "Lesson5", "{398EF67B-DB18-4A92-836D-C286AC8B334C}"
EndProject
Project("{8BC9CEB8-8B4A-11D0-8D11-00A0C91BC942}") = "Task1", "Lesson5\Task1\Task1.vcxproj", "{860917EC-68B7-4A62-A701-FE4E6BAE6B1C}"
EndProject
Project("{8BC9CEB8-8B4A-11D0-8D11-00A0C91BC942}") = "Task2", "Lesson5\Task2\Task2.vcxproj", "{D600B7A8-02A7-4565-9C8B-F8138C7374A7}"
EndProject
Project("{8BC9CEB8-8B4A-11D0-8D11-00A0C91BC942}") = "Task3", "Lesson5\Task3\Task3.vcxproj", "{AFA02B8B-A542-4AE3-A993-FE48E1067306}"
EndProject
Project("{8BC9CEB8-8B4A-11D0-8D11-00A0C91BC942}") = "Task4", "Lesson5\Task4\Task4.vcxproj", "{7A13677D-5AC0-4A5D-AD6A-A7DDAF4B737B}"
EndProject
Project("{2150E333-8FDC-42A3-9474-1A3956D46DE8}") = "ControlTasks", "ControlTasks", "{C757BEED-3181-4296-BE51-9D4C8C628AA6}"
EndProject
Project("{8BC9CEB8-8B4A-11D0-8D11-00A0C91BC942}") = "Task5", "Lesson5\Task5\Task5.vcxproj", "{D6615505-4969-4281-80E9-8AD88B024DF5}"
EndProject
Project("{8BC9CEB8-8B4A-11D0-8D11-00A0C91BC942}") = "ControlTask1", "Lesson5\ControlTasks\ControlTask1\ControlTask1.vcxproj", "{9C5CCD23-3822-4FC8-B8F2-54308783D48D}"
EndProject
Project("{8BC9CEB8-8B4A-11D0-8D11-00A0C91BC942}") = "ControlTask2", "Lesson5\ControlTasks\ControlTask2\ControlTask2.vcxproj", "{828E04ED-5C71-4CC9-9537-1C4C2799F083}"
EndProject
Project("{2150E333-8FDC-42A3-9474-1A3956D46DE8}") = "Lesson6", "Lesson6", "{FFA11841-2420-42FA-9E19-B60977DE9DAE}"
EndProject
Project("{2150E333-8FDC-42A3-9474-1A3956D46DE8}") = "ControlTasks", "ControlTasks", "{BF5D9B8C-76C9-413B-A116-D3671F5C1C1B}"
EndProject
Project("{8BC9CEB8-8B4A-11D0-8D11-00A0C91BC942}") = "Task1", "Lesson6\Task1\Task1.vcxproj", "{4C57412A-5795-456E-B49E-B3BB77584F74}"
EndProject
Project("{8BC9CEB8-8B4A-11D0-8D11-00A0C91BC942}") = "ControlTask1", "Lesson6\ControlTasks\ControlTask1\ControlTask1.vcxproj", "{99948FBD-41D8-47F0-8488-4FA52795CA81}"
EndProject
Project("{8BC9CEB8-8B4A-11D0-8D11-00A0C91BC942}") = "ControlTask2", "Lesson6\ControlTasks\ControlTask2\ControlTask2.vcxproj", "{19BD0365-C6A0-40AF-B777-31A214C98324}"
EndProject
Project("{2150E333-8FDC-42A3-9474-1A3956D46DE8}") = "Lesson7", "Lesson7", "{A5C8D18D-6EF8-477A-B6F2-6276DE0BCA37}"
EndProject
Project("{2150E333-8FDC-42A3-9474-1A3956D46DE8}") = "ControlTasks", "ControlTasks", "{E4D485A9-EEE5-4D7D-A552-C10EB904BD82}"
EndProject
Project("{8BC9CEB8-8B4A-11D0-8D11-00A0C91BC942}") = "Task1", "Lesson7\Task1\Task1.vcxproj", "{B0F69525-E8F9-4E35-9AAB-C599B1167ECA}"
EndProject
Project("{8BC9CEB8-8B4A-11D0-8D11-00A0C91BC942}") = "Task2", "Lesson7\Task2\Task2.vcxproj", "{24845A10-4174-423C-82EA-EDCC3A452FE0}"
EndProject
Project("{8BC9CEB8-8B4A-11D0-8D11-00A0C91BC942}") = "Task3", "Lesson7\Task3\Task3.vcxproj", "{FE6F2B5B-0ECE-47A8-9079-04625F7914F6}"
EndProject
Project("{8BC9CEB8-8B4A-11D0-8D11-00A0C91BC942}") = "ControlTask1", "Lesson7\ControlTasks\ControlTask1\ControlTask1.vcxproj", "{3A6C41C5-E59A-49E8-B811-E309E53F0C20}"
EndProject
Project("{8BC9CEB8-8B4A-11D0-8D11-00A0C91BC942}") = "ControlTask2", "Lesson7\ControlTasks\ControlTask2\ControlTask2.vcxproj", "{EE19A6F8-6664-4420-AE3D-2BACBC7CC52B}"
EndProject
Project("{8BC9CEB8-8B4A-11D0-8D11-00A0C91BC942}") = "ControlTask1", "Lesson4\ControlTasks\ControlTask1\ControlTask1.vcxproj", "{D627FFB4-FD2D-442E-9E22-81193FAEA5FA}"
EndProject
Project("{2150E333-8FDC-42A3-9474-1A3956D46DE8}") = "Lesson8", "Lesson8", "{D68DBAF2-FC43-45E0-B06C-9582C37A9BAF}"
EndProject
Project("{8BC9CEB8-8B4A-11D0-8D11-00A0C91BC942}") = "Task1", "Lesson8\Task1\Task1.vcxproj", "{6F322D66-273E-4EB3-81AE-992B1E04CB77}"
EndProject
Project("{8BC9CEB8-8B4A-11D0-8D11-00A0C91BC942}") = "Task2", "Lesson8\Task2\Task2.vcxproj", "{3842FB3B-942D-4F64-A251-809914E6870E}"
EndProject
Project("{8BC9CEB8-8B4A-11D0-8D11-00A0C91BC942}") = "Task3", "Lesson8\Task3\Task3.vcxproj", "{CD1B236B-1B4C-4323-A5D9-BCF99F1720A5}"
EndProject
Project("{8BC9CEB8-8B4A-11D0-8D11-00A0C91BC942}") = "Task4", "Lesson8\Task4\Task4.vcxproj", "{9BBAA158-EE4A-48BB-92DA-4DFF5D4BCE9E}"
EndProject
Project("{8BC9CEB8-8B4A-11D0-8D11-00A0C91BC942}") = "Task5", "Lesson8\Task5\Task5.vcxproj", "{E30080E2-0A63-47BF-88BD-407D367ED9FC}"
EndProject
Project("{2150E333-8FDC-42A3-9474-1A3956D46DE8}") = "ControlTasks", "ControlTasks", "{2DD0E8AB-C0D7-4FFC-A441-AA74EA2FFE7C}"
EndProject
Project("{8BC9CEB8-8B4A-11D0-8D11-00A0C91BC942}") = "ControlTask1", "Lesson8\ControlTasks\ControlTask1\ControlTask1.vcxproj", "{CB63B9AE-183C-43E8-83C6-A2155B54805A}"
EndProject
Project("{8BC9CEB8-8B4A-11D0-8D11-00A0C91BC942}") = "ControlTask2", "Lesson8\ControlTasks\ControlTask2\ControlTask2.vcxproj", "{B49A8316-0C39-442F-9293-C18C46AD31B5}"
EndProject
Project("{2150E333-8FDC-42A3-9474-1A3956D46DE8}") = "Lesson9", "Lesson9", "{AB8E1AF7-928D-454B-AFFE-78F53BA06939}"
EndProject
Project("{8BC9CEB8-8B4A-11D0-8D11-00A0C91BC942}") = "Task1", "Lesson9\Task1\Task1.vcxproj", "{1EC93A55-00F7-4B9F-9797-27D0C408770B}"
EndProject
Project("{8BC9CEB8-8B4A-11D0-8D11-00A0C91BC942}") = "Task2", "Lesson9\Task2\Task2.vcxproj", "{9216F045-45D9-40C1-8A69-CA47AADDAB7D}"
EndProject
Project("{8BC9CEB8-8B4A-11D0-8D11-00A0C91BC942}") = "Task3", "Lesson9\Task3\Task3.vcxproj", "{7DC8426A-0D0F-4FC0-9705-C9638A223E1A}"
EndProject
Project("{2150E333-8FDC-42A3-9474-1A3956D46DE8}") = "ControlTasks", "ControlTasks", "{B0B7354B-1815-4E78-B30E-6AB598637323}"
EndProject
Project("{8BC9CEB8-8B4A-11D0-8D11-00A0C91BC942}") = "ControlTask1", "Lesson9\ControlTasks\ControlTask1\ControlTask1.vcxproj", "{66E93FCB-9CA6-4933-8DC8-AB44686345C0}"
EndProject
Project("{8BC9CEB8-8B4A-11D0-8D11-00A0C91BC942}") = "ControlTask2", "Lesson9\ControlTasks\ControlTask2\ControlTask2.vcxproj", "{C088D4F5-5F63-4677-939B-780C4B917D41}"
EndProject
Project("{2150E333-8FDC-42A3-9474-1A3956D46DE8}") = "Lesson10", "Lesson10", "{3EC4411C-5870-4CCE-9916-E3B66A08043F}"
EndProject
Project("{2150E333-8FDC-42A3-9474-1A3956D46DE8}") = "ControlTasks", "ControlTasks", "{56C04DE5-F636-442B-BC8E-763D471EB899}"
EndProject
Project("{8BC9CEB8-8B4A-11D0-8D11-00A0C91BC942}") = "Task1", "Lesson10\Task1\Task1.vcxproj", "{CBCBB9BD-F4A7-49DC-BC19-5D00DE7FD142}"
EndProject
Project("{8BC9CEB8-8B4A-11D0-8D11-00A0C91BC942}") = "ControlTask1", "Lesson10\ControlTasks\ControlTask1\ControlTask1.vcxproj", "{3A6E8FAA-52CB-4592-A435-429C49EC7732}"
EndProject
Project("{2150E333-8FDC-42A3-9474-1A3956D46DE8}") = "Lesson11", "Lesson11", "{EDB5F084-D34E-43E4-A563-CD955048FC98}"
EndProject
Project("{2150E333-8FDC-42A3-9474-1A3956D46DE8}") = "ControlTasks", "ControlTasks", "{28457DB9-8187-4FA3-9021-FAEA38C11B3E}"
EndProject
Project("{8BC9CEB8-8B4A-11D0-8D11-00A0C91BC942}") = "Task1", "Lesson11\Task1\Task1.vcxproj", "{65716C7F-6668-4F74-9C98-258DAAA4CF90}"
EndProject
Project("{8BC9CEB8-8B4A-11D0-8D11-00A0C91BC942}") = "Task2", "Lesson11\Task2\Task2.vcxproj", "{1D5DCDA1-C0B3-4F90-A33A-07912924FB34}"
EndProject
Project("{8BC9CEB8-8B4A-11D0-8D11-00A0C91BC942}") = "Task3", "Lesson11\Task3\Task3.vcxproj", "{D69A247E-F958-4D22-B3E1-39D4B157D988}"
EndProject
Project("{8BC9CEB8-8B4A-11D0-8D11-00A0C91BC942}") = "ControlTask1", "Lesson11\ControlTasks\ControlTask1\ControlTask1.vcxproj", "{1951E39A-2900-4355-9FA6-4C8BBA31EB0A}"
EndProject
Global
	GlobalSection(SolutionConfigurationPlatforms) = preSolution
		Debug|x64 = Debug|x64
		Debug|x86 = Debug|x86
		Release|x64 = Release|x64
		Release|x86 = Release|x86
	EndGlobalSection
	GlobalSection(ProjectConfigurationPlatforms) = postSolution
		{F0586A87-60BB-4F26-90F7-49939053471F}.Debug|x64.ActiveCfg = Debug|x64
		{F0586A87-60BB-4F26-90F7-49939053471F}.Debug|x64.Build.0 = Debug|x64
		{F0586A87-60BB-4F26-90F7-49939053471F}.Debug|x86.ActiveCfg = Debug|Win32
		{F0586A87-60BB-4F26-90F7-49939053471F}.Debug|x86.Build.0 = Debug|Win32
		{F0586A87-60BB-4F26-90F7-49939053471F}.Release|x64.ActiveCfg = Release|x64
		{F0586A87-60BB-4F26-90F7-49939053471F}.Release|x64.Build.0 = Release|x64
		{F0586A87-60BB-4F26-90F7-49939053471F}.Release|x86.ActiveCfg = Release|Win32
		{F0586A87-60BB-4F26-90F7-49939053471F}.Release|x86.Build.0 = Release|Win32
		{F5DA12DF-780E-465C-BFBA-D31F080B3994}.Debug|x64.ActiveCfg = Debug|x64
		{F5DA12DF-780E-465C-BFBA-D31F080B3994}.Debug|x64.Build.0 = Debug|x64
		{F5DA12DF-780E-465C-BFBA-D31F080B3994}.Debug|x86.ActiveCfg = Debug|Win32
		{F5DA12DF-780E-465C-BFBA-D31F080B3994}.Debug|x86.Build.0 = Debug|Win32
		{F5DA12DF-780E-465C-BFBA-D31F080B3994}.Release|x64.ActiveCfg = Release|x64
		{F5DA12DF-780E-465C-BFBA-D31F080B3994}.Release|x64.Build.0 = Release|x64
		{F5DA12DF-780E-465C-BFBA-D31F080B3994}.Release|x86.ActiveCfg = Release|Win32
		{F5DA12DF-780E-465C-BFBA-D31F080B3994}.Release|x86.Build.0 = Release|Win32
		{A3E61D83-AC9F-4315-BCAA-D022840AF56F}.Debug|x64.ActiveCfg = Debug|x64
		{A3E61D83-AC9F-4315-BCAA-D022840AF56F}.Debug|x64.Build.0 = Debug|x64
		{A3E61D83-AC9F-4315-BCAA-D022840AF56F}.Debug|x86.ActiveCfg = Debug|Win32
		{A3E61D83-AC9F-4315-BCAA-D022840AF56F}.Debug|x86.Build.0 = Debug|Win32
		{A3E61D83-AC9F-4315-BCAA-D022840AF56F}.Release|x64.ActiveCfg = Release|x64
		{A3E61D83-AC9F-4315-BCAA-D022840AF56F}.Release|x64.Build.0 = Release|x64
		{A3E61D83-AC9F-4315-BCAA-D022840AF56F}.Release|x86.ActiveCfg = Release|Win32
		{A3E61D83-AC9F-4315-BCAA-D022840AF56F}.Release|x86.Build.0 = Release|Win32
		{0572DE02-F711-48DE-A414-BA8544182DCB}.Debug|x64.ActiveCfg = Debug|x64
		{0572DE02-F711-48DE-A414-BA8544182DCB}.Debug|x64.Build.0 = Debug|x64
		{0572DE02-F711-48DE-A414-BA8544182DCB}.Debug|x86.ActiveCfg = Debug|Win32
		{0572DE02-F711-48DE-A414-BA8544182DCB}.Debug|x86.Build.0 = Debug|Win32
		{0572DE02-F711-48DE-A414-BA8544182DCB}.Release|x64.ActiveCfg = Release|x64
		{0572DE02-F711-48DE-A414-BA8544182DCB}.Release|x64.Build.0 = Release|x64
		{0572DE02-F711-48DE-A414-BA8544182DCB}.Release|x86.ActiveCfg = Release|Win32
		{0572DE02-F711-48DE-A414-BA8544182DCB}.Release|x86.Build.0 = Release|Win32
		{E1055F3D-C77B-4639-B058-B3B1AFF651E0}.Debug|x64.ActiveCfg = Debug|x64
		{E1055F3D-C77B-4639-B058-B3B1AFF651E0}.Debug|x64.Build.0 = Debug|x64
		{E1055F3D-C77B-4639-B058-B3B1AFF651E0}.Debug|x86.ActiveCfg = Debug|Win32
		{E1055F3D-C77B-4639-B058-B3B1AFF651E0}.Debug|x86.Build.0 = Debug|Win32
		{E1055F3D-C77B-4639-B058-B3B1AFF651E0}.Release|x64.ActiveCfg = Release|x64
		{E1055F3D-C77B-4639-B058-B3B1AFF651E0}.Release|x64.Build.0 = Release|x64
		{E1055F3D-C77B-4639-B058-B3B1AFF651E0}.Release|x86.ActiveCfg = Release|Win32
		{E1055F3D-C77B-4639-B058-B3B1AFF651E0}.Release|x86.Build.0 = Release|Win32
		{980FF1F5-5342-4E70-A919-0EECEC614E25}.Debug|x64.ActiveCfg = Debug|x64
		{980FF1F5-5342-4E70-A919-0EECEC614E25}.Debug|x64.Build.0 = Debug|x64
		{980FF1F5-5342-4E70-A919-0EECEC614E25}.Debug|x86.ActiveCfg = Debug|Win32
		{980FF1F5-5342-4E70-A919-0EECEC614E25}.Debug|x86.Build.0 = Debug|Win32
		{980FF1F5-5342-4E70-A919-0EECEC614E25}.Release|x64.ActiveCfg = Release|x64
		{980FF1F5-5342-4E70-A919-0EECEC614E25}.Release|x64.Build.0 = Release|x64
		{980FF1F5-5342-4E70-A919-0EECEC614E25}.Release|x86.ActiveCfg = Release|Win32
		{980FF1F5-5342-4E70-A919-0EECEC614E25}.Release|x86.Build.0 = Release|Win32
		{4FD61348-1F9F-4662-93A6-D0943514D568}.Debug|x64.ActiveCfg = Debug|x64
		{4FD61348-1F9F-4662-93A6-D0943514D568}.Debug|x64.Build.0 = Debug|x64
		{4FD61348-1F9F-4662-93A6-D0943514D568}.Debug|x86.ActiveCfg = Debug|Win32
		{4FD61348-1F9F-4662-93A6-D0943514D568}.Debug|x86.Build.0 = Debug|Win32
		{4FD61348-1F9F-4662-93A6-D0943514D568}.Release|x64.ActiveCfg = Release|x64
		{4FD61348-1F9F-4662-93A6-D0943514D568}.Release|x64.Build.0 = Release|x64
		{4FD61348-1F9F-4662-93A6-D0943514D568}.Release|x86.ActiveCfg = Release|Win32
		{4FD61348-1F9F-4662-93A6-D0943514D568}.Release|x86.Build.0 = Release|Win32
		{BA770C7B-5D39-418C-BA22-C61DA18855C9}.Debug|x64.ActiveCfg = Debug|x64
		{BA770C7B-5D39-418C-BA22-C61DA18855C9}.Debug|x64.Build.0 = Debug|x64
		{BA770C7B-5D39-418C-BA22-C61DA18855C9}.Debug|x86.ActiveCfg = Debug|Win32
		{BA770C7B-5D39-418C-BA22-C61DA18855C9}.Debug|x86.Build.0 = Debug|Win32
		{BA770C7B-5D39-418C-BA22-C61DA18855C9}.Release|x64.ActiveCfg = Release|x64
		{BA770C7B-5D39-418C-BA22-C61DA18855C9}.Release|x64.Build.0 = Release|x64
		{BA770C7B-5D39-418C-BA22-C61DA18855C9}.Release|x86.ActiveCfg = Release|Win32
		{BA770C7B-5D39-418C-BA22-C61DA18855C9}.Release|x86.Build.0 = Release|Win32
		{6A179AE9-DF4A-4DD9-A406-C264A469171C}.Debug|x64.ActiveCfg = Debug|x64
		{6A179AE9-DF4A-4DD9-A406-C264A469171C}.Debug|x64.Build.0 = Debug|x64
		{6A179AE9-DF4A-4DD9-A406-C264A469171C}.Debug|x86.ActiveCfg = Debug|Win32
		{6A179AE9-DF4A-4DD9-A406-C264A469171C}.Debug|x86.Build.0 = Debug|Win32
		{6A179AE9-DF4A-4DD9-A406-C264A469171C}.Release|x64.ActiveCfg = Release|x64
		{6A179AE9-DF4A-4DD9-A406-C264A469171C}.Release|x64.Build.0 = Release|x64
		{6A179AE9-DF4A-4DD9-A406-C264A469171C}.Release|x86.ActiveCfg = Release|Win32
		{6A179AE9-DF4A-4DD9-A406-C264A469171C}.Release|x86.Build.0 = Release|Win32
		{35882CDE-3FD2-4FE3-8A5D-C8692EF2CBE4}.Debug|x64.ActiveCfg = Debug|x64
		{35882CDE-3FD2-4FE3-8A5D-C8692EF2CBE4}.Debug|x64.Build.0 = Debug|x64
		{35882CDE-3FD2-4FE3-8A5D-C8692EF2CBE4}.Debug|x86.ActiveCfg = Debug|Win32
		{35882CDE-3FD2-4FE3-8A5D-C8692EF2CBE4}.Debug|x86.Build.0 = Debug|Win32
		{35882CDE-3FD2-4FE3-8A5D-C8692EF2CBE4}.Release|x64.ActiveCfg = Release|x64
		{35882CDE-3FD2-4FE3-8A5D-C8692EF2CBE4}.Release|x64.Build.0 = Release|x64
		{35882CDE-3FD2-4FE3-8A5D-C8692EF2CBE4}.Release|x86.ActiveCfg = Release|Win32
		{35882CDE-3FD2-4FE3-8A5D-C8692EF2CBE4}.Release|x86.Build.0 = Release|Win32
		{F07D2A8D-85DD-4E44-9AA1-021DCC7A6EBD}.Debug|x64.ActiveCfg = Debug|x64
		{F07D2A8D-85DD-4E44-9AA1-021DCC7A6EBD}.Debug|x64.Build.0 = Debug|x64
		{F07D2A8D-85DD-4E44-9AA1-021DCC7A6EBD}.Debug|x86.ActiveCfg = Debug|Win32
		{F07D2A8D-85DD-4E44-9AA1-021DCC7A6EBD}.Debug|x86.Build.0 = Debug|Win32
		{F07D2A8D-85DD-4E44-9AA1-021DCC7A6EBD}.Release|x64.ActiveCfg = Release|x64
		{F07D2A8D-85DD-4E44-9AA1-021DCC7A6EBD}.Release|x64.Build.0 = Release|x64
		{F07D2A8D-85DD-4E44-9AA1-021DCC7A6EBD}.Release|x86.ActiveCfg = Release|Win32
		{F07D2A8D-85DD-4E44-9AA1-021DCC7A6EBD}.Release|x86.Build.0 = Release|Win32
		{28AD25D5-DE62-4458-93F4-6D536C0CFB7A}.Debug|x64.ActiveCfg = Debug|x64
		{28AD25D5-DE62-4458-93F4-6D536C0CFB7A}.Debug|x64.Build.0 = Debug|x64
		{28AD25D5-DE62-4458-93F4-6D536C0CFB7A}.Debug|x86.ActiveCfg = Debug|Win32
		{28AD25D5-DE62-4458-93F4-6D536C0CFB7A}.Debug|x86.Build.0 = Debug|Win32
		{28AD25D5-DE62-4458-93F4-6D536C0CFB7A}.Release|x64.ActiveCfg = Release|x64
		{28AD25D5-DE62-4458-93F4-6D536C0CFB7A}.Release|x64.Build.0 = Release|x64
		{28AD25D5-DE62-4458-93F4-6D536C0CFB7A}.Release|x86.ActiveCfg = Release|Win32
		{28AD25D5-DE62-4458-93F4-6D536C0CFB7A}.Release|x86.Build.0 = Release|Win32
		{4E8BE718-E578-447C-B8DC-2979F3FE7905}.Debug|x64.ActiveCfg = Debug|x64
		{4E8BE718-E578-447C-B8DC-2979F3FE7905}.Debug|x64.Build.0 = Debug|x64
		{4E8BE718-E578-447C-B8DC-2979F3FE7905}.Debug|x86.ActiveCfg = Debug|Win32
		{4E8BE718-E578-447C-B8DC-2979F3FE7905}.Debug|x86.Build.0 = Debug|Win32
		{4E8BE718-E578-447C-B8DC-2979F3FE7905}.Release|x64.ActiveCfg = Release|x64
		{4E8BE718-E578-447C-B8DC-2979F3FE7905}.Release|x64.Build.0 = Release|x64
		{4E8BE718-E578-447C-B8DC-2979F3FE7905}.Release|x86.ActiveCfg = Release|Win32
		{4E8BE718-E578-447C-B8DC-2979F3FE7905}.Release|x86.Build.0 = Release|Win32
		{1E3FDAA0-DF53-4313-8C18-71632C30E871}.Debug|x64.ActiveCfg = Debug|x64
		{1E3FDAA0-DF53-4313-8C18-71632C30E871}.Debug|x64.Build.0 = Debug|x64
		{1E3FDAA0-DF53-4313-8C18-71632C30E871}.Debug|x86.ActiveCfg = Debug|Win32
		{1E3FDAA0-DF53-4313-8C18-71632C30E871}.Debug|x86.Build.0 = Debug|Win32
		{1E3FDAA0-DF53-4313-8C18-71632C30E871}.Release|x64.ActiveCfg = Release|x64
		{1E3FDAA0-DF53-4313-8C18-71632C30E871}.Release|x64.Build.0 = Release|x64
		{1E3FDAA0-DF53-4313-8C18-71632C30E871}.Release|x86.ActiveCfg = Release|Win32
		{1E3FDAA0-DF53-4313-8C18-71632C30E871}.Release|x86.Build.0 = Release|Win32
		{16324BB3-C052-433F-9F17-7734E6E1BB3D}.Debug|x64.ActiveCfg = Debug|x64
		{16324BB3-C052-433F-9F17-7734E6E1BB3D}.Debug|x64.Build.0 = Debug|x64
		{16324BB3-C052-433F-9F17-7734E6E1BB3D}.Debug|x86.ActiveCfg = Debug|Win32
		{16324BB3-C052-433F-9F17-7734E6E1BB3D}.Debug|x86.Build.0 = Debug|Win32
		{16324BB3-C052-433F-9F17-7734E6E1BB3D}.Release|x64.ActiveCfg = Release|x64
		{16324BB3-C052-433F-9F17-7734E6E1BB3D}.Release|x64.Build.0 = Release|x64
		{16324BB3-C052-433F-9F17-7734E6E1BB3D}.Release|x86.ActiveCfg = Release|Win32
		{16324BB3-C052-433F-9F17-7734E6E1BB3D}.Release|x86.Build.0 = Release|Win32
		{860917EC-68B7-4A62-A701-FE4E6BAE6B1C}.Debug|x64.ActiveCfg = Debug|x64
		{860917EC-68B7-4A62-A701-FE4E6BAE6B1C}.Debug|x64.Build.0 = Debug|x64
		{860917EC-68B7-4A62-A701-FE4E6BAE6B1C}.Debug|x86.ActiveCfg = Debug|Win32
		{860917EC-68B7-4A62-A701-FE4E6BAE6B1C}.Debug|x86.Build.0 = Debug|Win32
		{860917EC-68B7-4A62-A701-FE4E6BAE6B1C}.Release|x64.ActiveCfg = Release|x64
		{860917EC-68B7-4A62-A701-FE4E6BAE6B1C}.Release|x64.Build.0 = Release|x64
		{860917EC-68B7-4A62-A701-FE4E6BAE6B1C}.Release|x86.ActiveCfg = Release|Win32
		{860917EC-68B7-4A62-A701-FE4E6BAE6B1C}.Release|x86.Build.0 = Release|Win32
		{D600B7A8-02A7-4565-9C8B-F8138C7374A7}.Debug|x64.ActiveCfg = Debug|x64
		{D600B7A8-02A7-4565-9C8B-F8138C7374A7}.Debug|x64.Build.0 = Debug|x64
		{D600B7A8-02A7-4565-9C8B-F8138C7374A7}.Debug|x86.ActiveCfg = Debug|Win32
		{D600B7A8-02A7-4565-9C8B-F8138C7374A7}.Debug|x86.Build.0 = Debug|Win32
		{D600B7A8-02A7-4565-9C8B-F8138C7374A7}.Release|x64.ActiveCfg = Release|x64
		{D600B7A8-02A7-4565-9C8B-F8138C7374A7}.Release|x64.Build.0 = Release|x64
		{D600B7A8-02A7-4565-9C8B-F8138C7374A7}.Release|x86.ActiveCfg = Release|Win32
		{D600B7A8-02A7-4565-9C8B-F8138C7374A7}.Release|x86.Build.0 = Release|Win32
		{AFA02B8B-A542-4AE3-A993-FE48E1067306}.Debug|x64.ActiveCfg = Debug|x64
		{AFA02B8B-A542-4AE3-A993-FE48E1067306}.Debug|x64.Build.0 = Debug|x64
		{AFA02B8B-A542-4AE3-A993-FE48E1067306}.Debug|x86.ActiveCfg = Debug|Win32
		{AFA02B8B-A542-4AE3-A993-FE48E1067306}.Debug|x86.Build.0 = Debug|Win32
		{AFA02B8B-A542-4AE3-A993-FE48E1067306}.Release|x64.ActiveCfg = Release|x64
		{AFA02B8B-A542-4AE3-A993-FE48E1067306}.Release|x64.Build.0 = Release|x64
		{AFA02B8B-A542-4AE3-A993-FE48E1067306}.Release|x86.ActiveCfg = Release|Win32
		{AFA02B8B-A542-4AE3-A993-FE48E1067306}.Release|x86.Build.0 = Release|Win32
		{7A13677D-5AC0-4A5D-AD6A-A7DDAF4B737B}.Debug|x64.ActiveCfg = Debug|x64
		{7A13677D-5AC0-4A5D-AD6A-A7DDAF4B737B}.Debug|x64.Build.0 = Debug|x64
		{7A13677D-5AC0-4A5D-AD6A-A7DDAF4B737B}.Debug|x86.ActiveCfg = Debug|Win32
		{7A13677D-5AC0-4A5D-AD6A-A7DDAF4B737B}.Debug|x86.Build.0 = Debug|Win32
		{7A13677D-5AC0-4A5D-AD6A-A7DDAF4B737B}.Release|x64.ActiveCfg = Release|x64
		{7A13677D-5AC0-4A5D-AD6A-A7DDAF4B737B}.Release|x64.Build.0 = Release|x64
		{7A13677D-5AC0-4A5D-AD6A-A7DDAF4B737B}.Release|x86.ActiveCfg = Release|Win32
		{7A13677D-5AC0-4A5D-AD6A-A7DDAF4B737B}.Release|x86.Build.0 = Release|Win32
		{D6615505-4969-4281-80E9-8AD88B024DF5}.Debug|x64.ActiveCfg = Debug|x64
		{D6615505-4969-4281-80E9-8AD88B024DF5}.Debug|x64.Build.0 = Debug|x64
		{D6615505-4969-4281-80E9-8AD88B024DF5}.Debug|x86.ActiveCfg = Debug|Win32
		{D6615505-4969-4281-80E9-8AD88B024DF5}.Debug|x86.Build.0 = Debug|Win32
		{D6615505-4969-4281-80E9-8AD88B024DF5}.Release|x64.ActiveCfg = Release|x64
		{D6615505-4969-4281-80E9-8AD88B024DF5}.Release|x64.Build.0 = Release|x64
		{D6615505-4969-4281-80E9-8AD88B024DF5}.Release|x86.ActiveCfg = Release|Win32
		{D6615505-4969-4281-80E9-8AD88B024DF5}.Release|x86.Build.0 = Release|Win32
		{9C5CCD23-3822-4FC8-B8F2-54308783D48D}.Debug|x64.ActiveCfg = Debug|x64
		{9C5CCD23-3822-4FC8-B8F2-54308783D48D}.Debug|x64.Build.0 = Debug|x64
		{9C5CCD23-3822-4FC8-B8F2-54308783D48D}.Debug|x86.ActiveCfg = Debug|Win32
		{9C5CCD23-3822-4FC8-B8F2-54308783D48D}.Debug|x86.Build.0 = Debug|Win32
		{9C5CCD23-3822-4FC8-B8F2-54308783D48D}.Release|x64.ActiveCfg = Release|x64
		{9C5CCD23-3822-4FC8-B8F2-54308783D48D}.Release|x64.Build.0 = Release|x64
		{9C5CCD23-3822-4FC8-B8F2-54308783D48D}.Release|x86.ActiveCfg = Release|Win32
		{9C5CCD23-3822-4FC8-B8F2-54308783D48D}.Release|x86.Build.0 = Release|Win32
		{828E04ED-5C71-4CC9-9537-1C4C2799F083}.Debug|x64.ActiveCfg = Debug|x64
		{828E04ED-5C71-4CC9-9537-1C4C2799F083}.Debug|x64.Build.0 = Debug|x64
		{828E04ED-5C71-4CC9-9537-1C4C2799F083}.Debug|x86.ActiveCfg = Debug|Win32
		{828E04ED-5C71-4CC9-9537-1C4C2799F083}.Debug|x86.Build.0 = Debug|Win32
		{828E04ED-5C71-4CC9-9537-1C4C2799F083}.Release|x64.ActiveCfg = Release|x64
		{828E04ED-5C71-4CC9-9537-1C4C2799F083}.Release|x64.Build.0 = Release|x64
		{828E04ED-5C71-4CC9-9537-1C4C2799F083}.Release|x86.ActiveCfg = Release|Win32
		{828E04ED-5C71-4CC9-9537-1C4C2799F083}.Release|x86.Build.0 = Release|Win32
		{4C57412A-5795-456E-B49E-B3BB77584F74}.Debug|x64.ActiveCfg = Debug|x64
		{4C57412A-5795-456E-B49E-B3BB77584F74}.Debug|x64.Build.0 = Debug|x64
		{4C57412A-5795-456E-B49E-B3BB77584F74}.Debug|x86.ActiveCfg = Debug|Win32
		{4C57412A-5795-456E-B49E-B3BB77584F74}.Debug|x86.Build.0 = Debug|Win32
		{4C57412A-5795-456E-B49E-B3BB77584F74}.Release|x64.ActiveCfg = Release|x64
		{4C57412A-5795-456E-B49E-B3BB77584F74}.Release|x64.Build.0 = Release|x64
		{4C57412A-5795-456E-B49E-B3BB77584F74}.Release|x86.ActiveCfg = Release|Win32
		{4C57412A-5795-456E-B49E-B3BB77584F74}.Release|x86.Build.0 = Release|Win32
		{99948FBD-41D8-47F0-8488-4FA52795CA81}.Debug|x64.ActiveCfg = Debug|x64
		{99948FBD-41D8-47F0-8488-4FA52795CA81}.Debug|x64.Build.0 = Debug|x64
		{99948FBD-41D8-47F0-8488-4FA52795CA81}.Debug|x86.ActiveCfg = Debug|Win32
		{99948FBD-41D8-47F0-8488-4FA52795CA81}.Debug|x86.Build.0 = Debug|Win32
		{99948FBD-41D8-47F0-8488-4FA52795CA81}.Release|x64.ActiveCfg = Release|x64
		{99948FBD-41D8-47F0-8488-4FA52795CA81}.Release|x64.Build.0 = Release|x64
		{99948FBD-41D8-47F0-8488-4FA52795CA81}.Release|x86.ActiveCfg = Release|Win32
		{99948FBD-41D8-47F0-8488-4FA52795CA81}.Release|x86.Build.0 = Release|Win32
		{19BD0365-C6A0-40AF-B777-31A214C98324}.Debug|x64.ActiveCfg = Debug|x64
		{19BD0365-C6A0-40AF-B777-31A214C98324}.Debug|x64.Build.0 = Debug|x64
		{19BD0365-C6A0-40AF-B777-31A214C98324}.Debug|x86.ActiveCfg = Debug|Win32
		{19BD0365-C6A0-40AF-B777-31A214C98324}.Debug|x86.Build.0 = Debug|Win32
		{19BD0365-C6A0-40AF-B777-31A214C98324}.Release|x64.ActiveCfg = Release|x64
		{19BD0365-C6A0-40AF-B777-31A214C98324}.Release|x64.Build.0 = Release|x64
		{19BD0365-C6A0-40AF-B777-31A214C98324}.Release|x86.ActiveCfg = Release|Win32
		{19BD0365-C6A0-40AF-B777-31A214C98324}.Release|x86.Build.0 = Release|Win32
		{B0F69525-E8F9-4E35-9AAB-C599B1167ECA}.Debug|x64.ActiveCfg = Debug|x64
		{B0F69525-E8F9-4E35-9AAB-C599B1167ECA}.Debug|x64.Build.0 = Debug|x64
		{B0F69525-E8F9-4E35-9AAB-C599B1167ECA}.Debug|x86.ActiveCfg = Debug|Win32
		{B0F69525-E8F9-4E35-9AAB-C599B1167ECA}.Debug|x86.Build.0 = Debug|Win32
		{B0F69525-E8F9-4E35-9AAB-C599B1167ECA}.Release|x64.ActiveCfg = Release|x64
		{B0F69525-E8F9-4E35-9AAB-C599B1167ECA}.Release|x64.Build.0 = Release|x64
		{B0F69525-E8F9-4E35-9AAB-C599B1167ECA}.Release|x86.ActiveCfg = Release|Win32
		{B0F69525-E8F9-4E35-9AAB-C599B1167ECA}.Release|x86.Build.0 = Release|Win32
		{24845A10-4174-423C-82EA-EDCC3A452FE0}.Debug|x64.ActiveCfg = Debug|x64
		{24845A10-4174-423C-82EA-EDCC3A452FE0}.Debug|x64.Build.0 = Debug|x64
		{24845A10-4174-423C-82EA-EDCC3A452FE0}.Debug|x86.ActiveCfg = Debug|Win32
		{24845A10-4174-423C-82EA-EDCC3A452FE0}.Debug|x86.Build.0 = Debug|Win32
		{24845A10-4174-423C-82EA-EDCC3A452FE0}.Release|x64.ActiveCfg = Release|x64
		{24845A10-4174-423C-82EA-EDCC3A452FE0}.Release|x64.Build.0 = Release|x64
		{24845A10-4174-423C-82EA-EDCC3A452FE0}.Release|x86.ActiveCfg = Release|Win32
		{24845A10-4174-423C-82EA-EDCC3A452FE0}.Release|x86.Build.0 = Release|Win32
		{FE6F2B5B-0ECE-47A8-9079-04625F7914F6}.Debug|x64.ActiveCfg = Debug|x64
		{FE6F2B5B-0ECE-47A8-9079-04625F7914F6}.Debug|x64.Build.0 = Debug|x64
		{FE6F2B5B-0ECE-47A8-9079-04625F7914F6}.Debug|x86.ActiveCfg = Debug|Win32
		{FE6F2B5B-0ECE-47A8-9079-04625F7914F6}.Debug|x86.Build.0 = Debug|Win32
		{FE6F2B5B-0ECE-47A8-9079-04625F7914F6}.Release|x64.ActiveCfg = Release|x64
		{FE6F2B5B-0ECE-47A8-9079-04625F7914F6}.Release|x64.Build.0 = Release|x64
		{FE6F2B5B-0ECE-47A8-9079-04625F7914F6}.Release|x86.ActiveCfg = Release|Win32
		{FE6F2B5B-0ECE-47A8-9079-04625F7914F6}.Release|x86.Build.0 = Release|Win32
		{3A6C41C5-E59A-49E8-B811-E309E53F0C20}.Debug|x64.ActiveCfg = Debug|x64
		{3A6C41C5-E59A-49E8-B811-E309E53F0C20}.Debug|x64.Build.0 = Debug|x64
		{3A6C41C5-E59A-49E8-B811-E309E53F0C20}.Debug|x86.ActiveCfg = Debug|Win32
		{3A6C41C5-E59A-49E8-B811-E309E53F0C20}.Debug|x86.Build.0 = Debug|Win32
		{3A6C41C5-E59A-49E8-B811-E309E53F0C20}.Release|x64.ActiveCfg = Release|x64
		{3A6C41C5-E59A-49E8-B811-E309E53F0C20}.Release|x64.Build.0 = Release|x64
		{3A6C41C5-E59A-49E8-B811-E309E53F0C20}.Release|x86.ActiveCfg = Release|Win32
		{3A6C41C5-E59A-49E8-B811-E309E53F0C20}.Release|x86.Build.0 = Release|Win32
		{EE19A6F8-6664-4420-AE3D-2BACBC7CC52B}.Debug|x64.ActiveCfg = Debug|x64
		{EE19A6F8-6664-4420-AE3D-2BACBC7CC52B}.Debug|x64.Build.0 = Debug|x64
		{EE19A6F8-6664-4420-AE3D-2BACBC7CC52B}.Debug|x86.ActiveCfg = Debug|Win32
		{EE19A6F8-6664-4420-AE3D-2BACBC7CC52B}.Debug|x86.Build.0 = Debug|Win32
		{EE19A6F8-6664-4420-AE3D-2BACBC7CC52B}.Release|x64.ActiveCfg = Release|x64
		{EE19A6F8-6664-4420-AE3D-2BACBC7CC52B}.Release|x64.Build.0 = Release|x64
		{EE19A6F8-6664-4420-AE3D-2BACBC7CC52B}.Release|x86.ActiveCfg = Release|Win32
		{EE19A6F8-6664-4420-AE3D-2BACBC7CC52B}.Release|x86.Build.0 = Release|Win32
		{D627FFB4-FD2D-442E-9E22-81193FAEA5FA}.Debug|x64.ActiveCfg = Debug|x64
		{D627FFB4-FD2D-442E-9E22-81193FAEA5FA}.Debug|x64.Build.0 = Debug|x64
		{D627FFB4-FD2D-442E-9E22-81193FAEA5FA}.Debug|x86.ActiveCfg = Debug|Win32
		{D627FFB4-FD2D-442E-9E22-81193FAEA5FA}.Debug|x86.Build.0 = Debug|Win32
		{D627FFB4-FD2D-442E-9E22-81193FAEA5FA}.Release|x64.ActiveCfg = Release|x64
		{D627FFB4-FD2D-442E-9E22-81193FAEA5FA}.Release|x64.Build.0 = Release|x64
		{D627FFB4-FD2D-442E-9E22-81193FAEA5FA}.Release|x86.ActiveCfg = Release|Win32
		{D627FFB4-FD2D-442E-9E22-81193FAEA5FA}.Release|x86.Build.0 = Release|Win32
		{6F322D66-273E-4EB3-81AE-992B1E04CB77}.Debug|x64.ActiveCfg = Debug|x64
		{6F322D66-273E-4EB3-81AE-992B1E04CB77}.Debug|x64.Build.0 = Debug|x64
		{6F322D66-273E-4EB3-81AE-992B1E04CB77}.Debug|x86.ActiveCfg = Debug|Win32
		{6F322D66-273E-4EB3-81AE-992B1E04CB77}.Debug|x86.Build.0 = Debug|Win32
		{6F322D66-273E-4EB3-81AE-992B1E04CB77}.Release|x64.ActiveCfg = Release|x64
		{6F322D66-273E-4EB3-81AE-992B1E04CB77}.Release|x64.Build.0 = Release|x64
		{6F322D66-273E-4EB3-81AE-992B1E04CB77}.Release|x86.ActiveCfg = Release|Win32
		{6F322D66-273E-4EB3-81AE-992B1E04CB77}.Release|x86.Build.0 = Release|Win32
		{3842FB3B-942D-4F64-A251-809914E6870E}.Debug|x64.ActiveCfg = Debug|x64
		{3842FB3B-942D-4F64-A251-809914E6870E}.Debug|x64.Build.0 = Debug|x64
		{3842FB3B-942D-4F64-A251-809914E6870E}.Debug|x86.ActiveCfg = Debug|Win32
		{3842FB3B-942D-4F64-A251-809914E6870E}.Debug|x86.Build.0 = Debug|Win32
		{3842FB3B-942D-4F64-A251-809914E6870E}.Release|x64.ActiveCfg = Release|x64
		{3842FB3B-942D-4F64-A251-809914E6870E}.Release|x64.Build.0 = Release|x64
		{3842FB3B-942D-4F64-A251-809914E6870E}.Release|x86.ActiveCfg = Release|Win32
		{3842FB3B-942D-4F64-A251-809914E6870E}.Release|x86.Build.0 = Release|Win32
		{CD1B236B-1B4C-4323-A5D9-BCF99F1720A5}.Debug|x64.ActiveCfg = Debug|x64
		{CD1B236B-1B4C-4323-A5D9-BCF99F1720A5}.Debug|x64.Build.0 = Debug|x64
		{CD1B236B-1B4C-4323-A5D9-BCF99F1720A5}.Debug|x86.ActiveCfg = Debug|Win32
		{CD1B236B-1B4C-4323-A5D9-BCF99F1720A5}.Debug|x86.Build.0 = Debug|Win32
		{CD1B236B-1B4C-4323-A5D9-BCF99F1720A5}.Release|x64.ActiveCfg = Release|x64
		{CD1B236B-1B4C-4323-A5D9-BCF99F1720A5}.Release|x64.Build.0 = Release|x64
		{CD1B236B-1B4C-4323-A5D9-BCF99F1720A5}.Release|x86.ActiveCfg = Release|Win32
		{CD1B236B-1B4C-4323-A5D9-BCF99F1720A5}.Release|x86.Build.0 = Release|Win32
		{9BBAA158-EE4A-48BB-92DA-4DFF5D4BCE9E}.Debug|x64.ActiveCfg = Debug|x64
		{9BBAA158-EE4A-48BB-92DA-4DFF5D4BCE9E}.Debug|x64.Build.0 = Debug|x64
		{9BBAA158-EE4A-48BB-92DA-4DFF5D4BCE9E}.Debug|x86.ActiveCfg = Debug|Win32
		{9BBAA158-EE4A-48BB-92DA-4DFF5D4BCE9E}.Debug|x86.Build.0 = Debug|Win32
		{9BBAA158-EE4A-48BB-92DA-4DFF5D4BCE9E}.Release|x64.ActiveCfg = Release|x64
		{9BBAA158-EE4A-48BB-92DA-4DFF5D4BCE9E}.Release|x64.Build.0 = Release|x64
		{9BBAA158-EE4A-48BB-92DA-4DFF5D4BCE9E}.Release|x86.ActiveCfg = Release|Win32
		{9BBAA158-EE4A-48BB-92DA-4DFF5D4BCE9E}.Release|x86.Build.0 = Release|Win32
		{E30080E2-0A63-47BF-88BD-407D367ED9FC}.Debug|x64.ActiveCfg = Debug|x64
		{E30080E2-0A63-47BF-88BD-407D367ED9FC}.Debug|x64.Build.0 = Debug|x64
		{E30080E2-0A63-47BF-88BD-407D367ED9FC}.Debug|x86.ActiveCfg = Debug|Win32
		{E30080E2-0A63-47BF-88BD-407D367ED9FC}.Debug|x86.Build.0 = Debug|Win32
		{E30080E2-0A63-47BF-88BD-407D367ED9FC}.Release|x64.ActiveCfg = Release|x64
		{E30080E2-0A63-47BF-88BD-407D367ED9FC}.Release|x64.Build.0 = Release|x64
		{E30080E2-0A63-47BF-88BD-407D367ED9FC}.Release|x86.ActiveCfg = Release|Win32
		{E30080E2-0A63-47BF-88BD-407D367ED9FC}.Release|x86.Build.0 = Release|Win32
		{CB63B9AE-183C-43E8-83C6-A2155B54805A}.Debug|x64.ActiveCfg = Debug|x64
		{CB63B9AE-183C-43E8-83C6-A2155B54805A}.Debug|x64.Build.0 = Debug|x64
		{CB63B9AE-183C-43E8-83C6-A2155B54805A}.Debug|x86.ActiveCfg = Debug|Win32
		{CB63B9AE-183C-43E8-83C6-A2155B54805A}.Debug|x86.Build.0 = Debug|Win32
		{CB63B9AE-183C-43E8-83C6-A2155B54805A}.Release|x64.ActiveCfg = Release|x64
		{CB63B9AE-183C-43E8-83C6-A2155B54805A}.Release|x64.Build.0 = Release|x64
		{CB63B9AE-183C-43E8-83C6-A2155B54805A}.Release|x86.ActiveCfg = Release|Win32
		{CB63B9AE-183C-43E8-83C6-A2155B54805A}.Release|x86.Build.0 = Release|Win32
		{B49A8316-0C39-442F-9293-C18C46AD31B5}.Debug|x64.ActiveCfg = Debug|x64
		{B49A8316-0C39-442F-9293-C18C46AD31B5}.Debug|x64.Build.0 = Debug|x64
		{B49A8316-0C39-442F-9293-C18C46AD31B5}.Debug|x86.ActiveCfg = Debug|Win32
		{B49A8316-0C39-442F-9293-C18C46AD31B5}.Debug|x86.Build.0 = Debug|Win32
		{B49A8316-0C39-442F-9293-C18C46AD31B5}.Release|x64.ActiveCfg = Release|x64
		{B49A8316-0C39-442F-9293-C18C46AD31B5}.Release|x64.Build.0 = Release|x64
		{B49A8316-0C39-442F-9293-C18C46AD31B5}.Release|x86.ActiveCfg = Release|Win32
		{B49A8316-0C39-442F-9293-C18C46AD31B5}.Release|x86.Build.0 = Release|Win32
		{1EC93A55-00F7-4B9F-9797-27D0C408770B}.Debug|x64.ActiveCfg = Debug|x64
		{1EC93A55-00F7-4B9F-9797-27D0C408770B}.Debug|x64.Build.0 = Debug|x64
		{1EC93A55-00F7-4B9F-9797-27D0C408770B}.Debug|x86.ActiveCfg = Debug|Win32
		{1EC93A55-00F7-4B9F-9797-27D0C408770B}.Debug|x86.Build.0 = Debug|Win32
		{1EC93A55-00F7-4B9F-9797-27D0C408770B}.Release|x64.ActiveCfg = Release|x64
		{1EC93A55-00F7-4B9F-9797-27D0C408770B}.Release|x64.Build.0 = Release|x64
		{1EC93A55-00F7-4B9F-9797-27D0C408770B}.Release|x86.ActiveCfg = Release|Win32
		{1EC93A55-00F7-4B9F-9797-27D0C408770B}.Release|x86.Build.0 = Release|Win32
		{9216F045-45D9-40C1-8A69-CA47AADDAB7D}.Debug|x64.ActiveCfg = Debug|x64
		{9216F045-45D9-40C1-8A69-CA47AADDAB7D}.Debug|x64.Build.0 = Debug|x64
		{9216F045-45D9-40C1-8A69-CA47AADDAB7D}.Debug|x86.ActiveCfg = Debug|Win32
		{9216F045-45D9-40C1-8A69-CA47AADDAB7D}.Debug|x86.Build.0 = Debug|Win32
		{9216F045-45D9-40C1-8A69-CA47AADDAB7D}.Release|x64.ActiveCfg = Release|x64
		{9216F045-45D9-40C1-8A69-CA47AADDAB7D}.Release|x64.Build.0 = Release|x64
		{9216F045-45D9-40C1-8A69-CA47AADDAB7D}.Release|x86.ActiveCfg = Release|Win32
		{9216F045-45D9-40C1-8A69-CA47AADDAB7D}.Release|x86.Build.0 = Release|Win32
		{7DC8426A-0D0F-4FC0-9705-C9638A223E1A}.Debug|x64.ActiveCfg = Debug|x64
		{7DC8426A-0D0F-4FC0-9705-C9638A223E1A}.Debug|x64.Build.0 = Debug|x64
		{7DC8426A-0D0F-4FC0-9705-C9638A223E1A}.Debug|x86.ActiveCfg = Debug|Win32
		{7DC8426A-0D0F-4FC0-9705-C9638A223E1A}.Debug|x86.Build.0 = Debug|Win32
		{7DC8426A-0D0F-4FC0-9705-C9638A223E1A}.Release|x64.ActiveCfg = Release|x64
		{7DC8426A-0D0F-4FC0-9705-C9638A223E1A}.Release|x64.Build.0 = Release|x64
		{7DC8426A-0D0F-4FC0-9705-C9638A223E1A}.Release|x86.ActiveCfg = Release|Win32
		{7DC8426A-0D0F-4FC0-9705-C9638A223E1A}.Release|x86.Build.0 = Release|Win32
		{66E93FCB-9CA6-4933-8DC8-AB44686345C0}.Debug|x64.ActiveCfg = Debug|x64
		{66E93FCB-9CA6-4933-8DC8-AB44686345C0}.Debug|x64.Build.0 = Debug|x64
		{66E93FCB-9CA6-4933-8DC8-AB44686345C0}.Debug|x86.ActiveCfg = Debug|Win32
		{66E93FCB-9CA6-4933-8DC8-AB44686345C0}.Debug|x86.Build.0 = Debug|Win32
		{66E93FCB-9CA6-4933-8DC8-AB44686345C0}.Release|x64.ActiveCfg = Release|x64
		{66E93FCB-9CA6-4933-8DC8-AB44686345C0}.Release|x64.Build.0 = Release|x64
		{66E93FCB-9CA6-4933-8DC8-AB44686345C0}.Release|x86.ActiveCfg = Release|Win32
		{66E93FCB-9CA6-4933-8DC8-AB44686345C0}.Release|x86.Build.0 = Release|Win32
		{C088D4F5-5F63-4677-939B-780C4B917D41}.Debug|x64.ActiveCfg = Debug|x64
		{C088D4F5-5F63-4677-939B-780C4B917D41}.Debug|x64.Build.0 = Debug|x64
		{C088D4F5-5F63-4677-939B-780C4B917D41}.Debug|x86.ActiveCfg = Debug|Win32
		{C088D4F5-5F63-4677-939B-780C4B917D41}.Debug|x86.Build.0 = Debug|Win32
		{C088D4F5-5F63-4677-939B-780C4B917D41}.Release|x64.ActiveCfg = Release|x64
		{C088D4F5-5F63-4677-939B-780C4B917D41}.Release|x64.Build.0 = Release|x64
		{C088D4F5-5F63-4677-939B-780C4B917D41}.Release|x86.ActiveCfg = Release|Win32
		{C088D4F5-5F63-4677-939B-780C4B917D41}.Release|x86.Build.0 = Release|Win32
		{CBCBB9BD-F4A7-49DC-BC19-5D00DE7FD142}.Debug|x64.ActiveCfg = Debug|x64
		{CBCBB9BD-F4A7-49DC-BC19-5D00DE7FD142}.Debug|x64.Build.0 = Debug|x64
		{CBCBB9BD-F4A7-49DC-BC19-5D00DE7FD142}.Debug|x86.ActiveCfg = Debug|Win32
		{CBCBB9BD-F4A7-49DC-BC19-5D00DE7FD142}.Debug|x86.Build.0 = Debug|Win32
		{CBCBB9BD-F4A7-49DC-BC19-5D00DE7FD142}.Release|x64.ActiveCfg = Release|x64
		{CBCBB9BD-F4A7-49DC-BC19-5D00DE7FD142}.Release|x64.Build.0 = Release|x64
		{CBCBB9BD-F4A7-49DC-BC19-5D00DE7FD142}.Release|x86.ActiveCfg = Release|Win32
		{CBCBB9BD-F4A7-49DC-BC19-5D00DE7FD142}.Release|x86.Build.0 = Release|Win32
		{3A6E8FAA-52CB-4592-A435-429C49EC7732}.Debug|x64.ActiveCfg = Debug|x64
		{3A6E8FAA-52CB-4592-A435-429C49EC7732}.Debug|x64.Build.0 = Debug|x64
		{3A6E8FAA-52CB-4592-A435-429C49EC7732}.Debug|x86.ActiveCfg = Debug|Win32
		{3A6E8FAA-52CB-4592-A435-429C49EC7732}.Debug|x86.Build.0 = Debug|Win32
		{3A6E8FAA-52CB-4592-A435-429C49EC7732}.Release|x64.ActiveCfg = Release|x64
		{3A6E8FAA-52CB-4592-A435-429C49EC7732}.Release|x64.Build.0 = Release|x64
		{3A6E8FAA-52CB-4592-A435-429C49EC7732}.Release|x86.ActiveCfg = Release|Win32
		{3A6E8FAA-52CB-4592-A435-429C49EC7732}.Release|x86.Build.0 = Release|Win32
		{65716C7F-6668-4F74-9C98-258DAAA4CF90}.Debug|x64.ActiveCfg = Debug|x64
		{65716C7F-6668-4F74-9C98-258DAAA4CF90}.Debug|x64.Build.0 = Debug|x64
		{65716C7F-6668-4F74-9C98-258DAAA4CF90}.Debug|x86.ActiveCfg = Debug|Win32
		{65716C7F-6668-4F74-9C98-258DAAA4CF90}.Debug|x86.Build.0 = Debug|Win32
		{65716C7F-6668-4F74-9C98-258DAAA4CF90}.Release|x64.ActiveCfg = Release|x64
		{65716C7F-6668-4F74-9C98-258DAAA4CF90}.Release|x64.Build.0 = Release|x64
		{65716C7F-6668-4F74-9C98-258DAAA4CF90}.Release|x86.ActiveCfg = Release|Win32
		{65716C7F-6668-4F74-9C98-258DAAA4CF90}.Release|x86.Build.0 = Release|Win32
		{1D5DCDA1-C0B3-4F90-A33A-07912924FB34}.Debug|x64.ActiveCfg = Debug|x64
		{1D5DCDA1-C0B3-4F90-A33A-07912924FB34}.Debug|x64.Build.0 = Debug|x64
		{1D5DCDA1-C0B3-4F90-A33A-07912924FB34}.Debug|x86.ActiveCfg = Debug|Win32
		{1D5DCDA1-C0B3-4F90-A33A-07912924FB34}.Debug|x86.Build.0 = Debug|Win32
		{1D5DCDA1-C0B3-4F90-A33A-07912924FB34}.Release|x64.ActiveCfg = Release|x64
		{1D5DCDA1-C0B3-4F90-A33A-07912924FB34}.Release|x64.Build.0 = Release|x64
		{1D5DCDA1-C0B3-4F90-A33A-07912924FB34}.Release|x86.ActiveCfg = Release|Win32
		{1D5DCDA1-C0B3-4F90-A33A-07912924FB34}.Release|x86.Build.0 = Release|Win32
		{D69A247E-F958-4D22-B3E1-39D4B157D988}.Debug|x64.ActiveCfg = Debug|x64
		{D69A247E-F958-4D22-B3E1-39D4B157D988}.Debug|x64.Build.0 = Debug|x64
		{D69A247E-F958-4D22-B3E1-39D4B157D988}.Debug|x86.ActiveCfg = Debug|Win32
		{D69A247E-F958-4D22-B3E1-39D4B157D988}.Debug|x86.Build.0 = Debug|Win32
		{D69A247E-F958-4D22-B3E1-39D4B157D988}.Release|x64.ActiveCfg = Release|x64
		{D69A247E-F958-4D22-B3E1-39D4B157D988}.Release|x64.Build.0 = Release|x64
		{D69A247E-F958-4D22-B3E1-39D4B157D988}.Release|x86.ActiveCfg = Release|Win32
		{D69A247E-F958-4D22-B3E1-39D4B157D988}.Release|x86.Build.0 = Release|Win32
		{1951E39A-2900-4355-9FA6-4C8BBA31EB0A}.Debug|x64.ActiveCfg = Debug|x64
		{1951E39A-2900-4355-9FA6-4C8BBA31EB0A}.Debug|x64.Build.0 = Debug|x64
		{1951E39A-2900-4355-9FA6-4C8BBA31EB0A}.Debug|x86.ActiveCfg = Debug|Win32
		{1951E39A-2900-4355-9FA6-4C8BBA31EB0A}.Debug|x86.Build.0 = Debug|Win32
		{1951E39A-2900-4355-9FA6-4C8BBA31EB0A}.Release|x64.ActiveCfg = Release|x64
		{1951E39A-2900-4355-9FA6-4C8BBA31EB0A}.Release|x64.Build.0 = Release|x64
		{1951E39A-2900-4355-9FA6-4C8BBA31EB0A}.Release|x86.ActiveCfg = Release|Win32
		{1951E39A-2900-4355-9FA6-4C8BBA31EB0A}.Release|x86.Build.0 = Release|Win32
	EndGlobalSection
	GlobalSection(SolutionProperties) = preSolution
		HideSolutionNode = FALSE
	EndGlobalSection
	GlobalSection(NestedProjects) = preSolution
		{F0586A87-60BB-4F26-90F7-49939053471F} = {2B538213-A6DB-4B6E-9633-46EB1AAB80DF}
		{F5DA12DF-780E-465C-BFBA-D31F080B3994} = {126C9779-6656-4F0F-BB37-F05FC06498B0}
		{A3E61D83-AC9F-4315-BCAA-D022840AF56F} = {0C722BBA-225B-4FA3-93B6-FAC373B7B8FC}
		{0572DE02-F711-48DE-A414-BA8544182DCB} = {0C722BBA-225B-4FA3-93B6-FAC373B7B8FC}
		{E1055F3D-C77B-4639-B058-B3B1AFF651E0} = {0C722BBA-225B-4FA3-93B6-FAC373B7B8FC}
		{980FF1F5-5342-4E70-A919-0EECEC614E25} = {0C722BBA-225B-4FA3-93B6-FAC373B7B8FC}
		{4FD61348-1F9F-4662-93A6-D0943514D568} = {0C722BBA-225B-4FA3-93B6-FAC373B7B8FC}
		{94F22233-9A71-4C1F-B393-E18282449981} = {0C722BBA-225B-4FA3-93B6-FAC373B7B8FC}
		{BA770C7B-5D39-418C-BA22-C61DA18855C9} = {94F22233-9A71-4C1F-B393-E18282449981}
		{6A179AE9-DF4A-4DD9-A406-C264A469171C} = {94F22233-9A71-4C1F-B393-E18282449981}
		{35882CDE-3FD2-4FE3-8A5D-C8692EF2CBE4} = {94F22233-9A71-4C1F-B393-E18282449981}
		{F07D2A8D-85DD-4E44-9AA1-021DCC7A6EBD} = {94F22233-9A71-4C1F-B393-E18282449981}
		{28AD25D5-DE62-4458-93F4-6D536C0CFB7A} = {94F22233-9A71-4C1F-B393-E18282449981}
		{4E8BE718-E578-447C-B8DC-2979F3FE7905} = {35E6260D-6ADC-4D77-8441-C8BE7A92B2D9}
		{1E3FDAA0-DF53-4313-8C18-71632C30E871} = {35E6260D-6ADC-4D77-8441-C8BE7A92B2D9}
		{D382EB6F-051B-494E-8291-793C1792D1B4} = {35E6260D-6ADC-4D77-8441-C8BE7A92B2D9}
		{16324BB3-C052-433F-9F17-7734E6E1BB3D} = {D382EB6F-051B-494E-8291-793C1792D1B4}
		{860917EC-68B7-4A62-A701-FE4E6BAE6B1C} = {398EF67B-DB18-4A92-836D-C286AC8B334C}
		{D600B7A8-02A7-4565-9C8B-F8138C7374A7} = {398EF67B-DB18-4A92-836D-C286AC8B334C}
		{AFA02B8B-A542-4AE3-A993-FE48E1067306} = {398EF67B-DB18-4A92-836D-C286AC8B334C}
		{7A13677D-5AC0-4A5D-AD6A-A7DDAF4B737B} = {398EF67B-DB18-4A92-836D-C286AC8B334C}
		{C757BEED-3181-4296-BE51-9D4C8C628AA6} = {398EF67B-DB18-4A92-836D-C286AC8B334C}
		{D6615505-4969-4281-80E9-8AD88B024DF5} = {398EF67B-DB18-4A92-836D-C286AC8B334C}
		{9C5CCD23-3822-4FC8-B8F2-54308783D48D} = {C757BEED-3181-4296-BE51-9D4C8C628AA6}
		{828E04ED-5C71-4CC9-9537-1C4C2799F083} = {C757BEED-3181-4296-BE51-9D4C8C628AA6}
		{BF5D9B8C-76C9-413B-A116-D3671F5C1C1B} = {FFA11841-2420-42FA-9E19-B60977DE9DAE}
		{4C57412A-5795-456E-B49E-B3BB77584F74} = {FFA11841-2420-42FA-9E19-B60977DE9DAE}
		{99948FBD-41D8-47F0-8488-4FA52795CA81} = {BF5D9B8C-76C9-413B-A116-D3671F5C1C1B}
		{19BD0365-C6A0-40AF-B777-31A214C98324} = {BF5D9B8C-76C9-413B-A116-D3671F5C1C1B}
		{E4D485A9-EEE5-4D7D-A552-C10EB904BD82} = {A5C8D18D-6EF8-477A-B6F2-6276DE0BCA37}
		{B0F69525-E8F9-4E35-9AAB-C599B1167ECA} = {A5C8D18D-6EF8-477A-B6F2-6276DE0BCA37}
		{24845A10-4174-423C-82EA-EDCC3A452FE0} = {A5C8D18D-6EF8-477A-B6F2-6276DE0BCA37}
		{FE6F2B5B-0ECE-47A8-9079-04625F7914F6} = {A5C8D18D-6EF8-477A-B6F2-6276DE0BCA37}
		{3A6C41C5-E59A-49E8-B811-E309E53F0C20} = {E4D485A9-EEE5-4D7D-A552-C10EB904BD82}
		{EE19A6F8-6664-4420-AE3D-2BACBC7CC52B} = {E4D485A9-EEE5-4D7D-A552-C10EB904BD82}
		{D627FFB4-FD2D-442E-9E22-81193FAEA5FA} = {D382EB6F-051B-494E-8291-793C1792D1B4}
		{6F322D66-273E-4EB3-81AE-992B1E04CB77} = {D68DBAF2-FC43-45E0-B06C-9582C37A9BAF}
		{3842FB3B-942D-4F64-A251-809914E6870E} = {D68DBAF2-FC43-45E0-B06C-9582C37A9BAF}
		{CD1B236B-1B4C-4323-A5D9-BCF99F1720A5} = {D68DBAF2-FC43-45E0-B06C-9582C37A9BAF}
		{9BBAA158-EE4A-48BB-92DA-4DFF5D4BCE9E} = {D68DBAF2-FC43-45E0-B06C-9582C37A9BAF}
		{E30080E2-0A63-47BF-88BD-407D367ED9FC} = {D68DBAF2-FC43-45E0-B06C-9582C37A9BAF}
		{2DD0E8AB-C0D7-4FFC-A441-AA74EA2FFE7C} = {D68DBAF2-FC43-45E0-B06C-9582C37A9BAF}
		{CB63B9AE-183C-43E8-83C6-A2155B54805A} = {2DD0E8AB-C0D7-4FFC-A441-AA74EA2FFE7C}
		{B49A8316-0C39-442F-9293-C18C46AD31B5} = {2DD0E8AB-C0D7-4FFC-A441-AA74EA2FFE7C}
		{1EC93A55-00F7-4B9F-9797-27D0C408770B} = {AB8E1AF7-928D-454B-AFFE-78F53BA06939}
		{9216F045-45D9-40C1-8A69-CA47AADDAB7D} = {AB8E1AF7-928D-454B-AFFE-78F53BA06939}
		{7DC8426A-0D0F-4FC0-9705-C9638A223E1A} = {AB8E1AF7-928D-454B-AFFE-78F53BA06939}
		{B0B7354B-1815-4E78-B30E-6AB598637323} = {AB8E1AF7-928D-454B-AFFE-78F53BA06939}
		{66E93FCB-9CA6-4933-8DC8-AB44686345C0} = {B0B7354B-1815-4E78-B30E-6AB598637323}
		{C088D4F5-5F63-4677-939B-780C4B917D41} = {B0B7354B-1815-4E78-B30E-6AB598637323}
		{56C04DE5-F636-442B-BC8E-763D471EB899} = {3EC4411C-5870-4CCE-9916-E3B66A08043F}
		{CBCBB9BD-F4A7-49DC-BC19-5D00DE7FD142} = {3EC4411C-5870-4CCE-9916-E3B66A08043F}
		{3A6E8FAA-52CB-4592-A435-429C49EC7732} = {56C04DE5-F636-442B-BC8E-763D471EB899}
		{28457DB9-8187-4FA3-9021-FAEA38C11B3E} = {EDB5F084-D34E-43E4-A563-CD955048FC98}
		{65716C7F-6668-4F74-9C98-258DAAA4CF90} = {EDB5F084-D34E-43E4-A563-CD955048FC98}
		{1D5DCDA1-C0B3-4F90-A33A-07912924FB34} = {EDB5F084-D34E-43E4-A563-CD955048FC98}
		{D69A247E-F958-4D22-B3E1-39D4B157D988} = {EDB5F084-D34E-43E4-A563-CD955048FC98}
		{1951E39A-2900-4355-9FA6-4C8BBA31EB0A} = {28457DB9-8187-4FA3-9021-FAEA38C11B3E}
	EndGlobalSection
	GlobalSection(ExtensibilityGlobals) = postSolution
		SolutionGuid = {B8B97D18-A818-43ED-88D9-5151CDC01556}
	EndGlobalSection
EndGlobal
