
Microsoft Visual Studio Solution File, Format Version 12.00
# Visual Studio 15
VisualStudioVersion = 15.0.28307.1082
MinimumVisualStudioVersion = 10.0.40219.1
Project("{8BC9CEB8-8B4A-11D0-8D11-00A0C91BC942}") = "Lesson1", "Lesson1\Lesson1.vcxproj", "{F0586A87-60BB-4F26-90F7-49939053471F}"
EndProject
Project("{8BC9CEB8-8B4A-11D0-8D11-00A0C91BC942}") = "Lesson2", "Lesson2\Lesson2.vcxproj", "{F5DA12DF-780E-465C-BFBA-D31F080B3994}"
EndProject
Global
	GlobalSection(SolutionConfigurationPlatforms) = preSolution
		Debug|x64 = Debug|x64
		Debug|x86 = Debug|x86
		Release|x64 = Release|x64
		Release|x86 = Release|x86
	EndGlobalSection
	GlobalSection(ProjectConfigurationPlatforms) = postSolution
		{F0586A87-60BB-4F26-90F7-49939053471F}.Debug|x64.ActiveCfg = Debug|x64
		{F0586A87-60BB-4F26-90F7-49939053471F}.Debug|x64.Build.0 = Debug|x64
		{F0586A87-60BB-4F26-90F7-49939053471F}.Debug|x86.ActiveCfg = Debug|Win32
		{F0586A87-60BB-4F26-90F7-49939053471F}.Debug|x86.Build.0 = Debug|Win32
		{F0586A87-60BB-4F26-90F7-49939053471F}.Release|x64.ActiveCfg = Release|x64
		{F0586A87-60BB-4F26-90F7-49939053471F}.Release|x64.Build.0 = Release|x64
		{F0586A87-60BB-4F26-90F7-49939053471F}.Release|x86.ActiveCfg = Release|Win32
		{F0586A87-60BB-4F26-90F7-49939053471F}.Release|x86.Build.0 = Release|Win32
		{F5DA12DF-780E-465C-BFBA-D31F080B3994}.Debug|x64.ActiveCfg = Debug|x64
		{F5DA12DF-780E-465C-BFBA-D31F080B3994}.Debug|x64.Build.0 = Debug|x64
		{F5DA12DF-780E-465C-BFBA-D31F080B3994}.Debug|x86.ActiveCfg = Debug|Win32
		{F5DA12DF-780E-465C-BFBA-D31F080B3994}.Debug|x86.Build.0 = Debug|Win32
		{F5DA12DF-780E-465C-BFBA-D31F080B3994}.Release|x64.ActiveCfg = Release|x64
		{F5DA12DF-780E-465C-BFBA-D31F080B3994}.Release|x64.Build.0 = Release|x64
		{F5DA12DF-780E-465C-BFBA-D31F080B3994}.Release|x86.ActiveCfg = Release|Win32
		{F5DA12DF-780E-465C-BFBA-D31F080B3994}.Release|x86.Build.0 = Release|Win32
	EndGlobalSection
	GlobalSection(SolutionProperties) = preSolution
		HideSolutionNode = FALSE
	EndGlobalSection
	GlobalSection(ExtensibilityGlobals) = postSolution
		SolutionGuid = {B8B97D18-A818-43ED-88D9-5151CDC01556}
	EndGlobalSection
EndGlobal
